
Microsoft Visual Studio Solution File, Format Version 12.00
# Visual Studio Version 16
VisualStudioVersion = 16.0.33214.272
MinimumVisualStudioVersion = 10.0.40219.1
Project("{FAE04EC0-301F-11D3-BF4B-00C04F79EFBC}") = "Work", "Work\Work.csproj", "{2F360551-1A0B-4831-8F75-F3A972C5745B}"
EndProject
Global
	GlobalSection(SolutionConfigurationPlatforms) = preSolution
		Debug|Any CPU = Debug|Any CPU
		Release|Any CPU = Release|Any CPU
	EndGlobalSection
	GlobalSection(ProjectConfigurationPlatforms) = postSolution
		{2F360551-1A0B-4831-8F75-F3A972C5745B}.Debug|Any CPU.ActiveCfg = Debug|Any CPU
		{2F360551-1A0B-4831-8F75-F3A972C5745B}.Debug|Any CPU.Build.0 = Debug|Any CPU
		{2F360551-1A0B-4831-8F75-F3A972C5745B}.Release|Any CPU.ActiveCfg = Release|Any CPU
		{2F360551-1A0B-4831-8F75-F3A972C5745B}.Release|Any CPU.Build.0 = Release|Any CPU
	EndGlobalSection
	GlobalSection(SolutionProperties) = preSolution
		HideSolutionNode = FALSE
	EndGlobalSection
	GlobalSection(ExtensibilityGlobals) = postSolution
		SolutionGuid = {0A14A496-A837-4444-8FA2-7E6B19B938BE}
	EndGlobalSection
EndGlobal
